
Microsoft Visual Studio Solution File, Format Version 12.00
# Visual Studio Version 17
VisualStudioVersion = 17.5.33530.505
MinimumVisualStudioVersion = 10.0.40219.1
Project("{FAE04EC0-301F-11D3-BF4B-00C04F79EFBC}") = "EventGrid.Moq", "EventGrid.Moq.csproj", "{6B6ACB5B-7568-4E47-938A-630F69DC42AB}"
EndProject
Global
	GlobalSection(SolutionConfigurationPlatforms) = preSolution
		Debug|Any CPU = Debug|Any CPU
		Release|Any CPU = Release|Any CPU
	EndGlobalSection
	GlobalSection(ProjectConfigurationPlatforms) = postSolution
		{6B6ACB5B-7568-4E47-938A-630F69DC42AB}.Debug|Any CPU.ActiveCfg = Debug|Any CPU
		{6B6ACB5B-7568-4E47-938A-630F69DC42AB}.Debug|Any CPU.Build.0 = Debug|Any CPU
		{6B6ACB5B-7568-4E47-938A-630F69DC42AB}.Release|Any CPU.ActiveCfg = Release|Any CPU
		{6B6ACB5B-7568-4E47-938A-630F69DC42AB}.Release|Any CPU.Build.0 = Release|Any CPU
	EndGlobalSection
	GlobalSection(SolutionProperties) = preSolution
		HideSolutionNode = FALSE
	EndGlobalSection
	GlobalSection(ExtensibilityGlobals) = postSolution
		SolutionGuid = {7F2F880D-AB0D-4EE2-8DC6-26AC9537E2A8}
	EndGlobalSection
EndGlobal
